Microsoft Visual Studio Solution File, Format Version 12.00
# Visual Studio Version 17
VisualStudioVersion = 17.5.2.0
MinimumVisualStudioVersion = 10.0.40219.1
Project("{2150E333-8FDC-42A3-9474-1A3956D46DE8}") = "RazorPizza", "RazorPizza", "{C615AF50-9508-CCCA-D802-0AD0EC69AD4D}"
EndProject
Project("{FAE04EC0-301F-11D3-BF4B-00C04F79EFBC}") = "RazorPizza", "RazorPizza\RazorPizza\RazorPizza.csproj", "{9C68A760-802D-F249-0DF4-64D609044D23}"
EndProject
Global
	GlobalSection(SolutionConfigurationPlatforms) = preSolution
		Debug|Any CPU = Debug|Any CPU
		Release|Any CPU = Release|Any CPU
	EndGlobalSection
	GlobalSection(ProjectConfigurationPlatforms) = postSolution
		{9C68A760-802D-F249-0DF4-64D609044D23}.Debug|Any CPU.ActiveCfg = Debug|Any CPU
		{9C68A760-802D-F249-0DF4-64D609044D23}.Debug|Any CPU.Build.0 = Debug|Any CPU
		{9C68A760-802D-F249-0DF4-64D609044D23}.Release|Any CPU.ActiveCfg = Release|Any CPU
		{9C68A760-802D-F249-0DF4-64D609044D23}.Release|Any CPU.Build.0 = Release|Any CPU
	EndGlobalSection
	GlobalSection(SolutionProperties) = preSolution
		HideSolutionNode = FALSE
	EndGlobalSection
	GlobalSection(NestedProjects) = preSolution
		{9C68A760-802D-F249-0DF4-64D609044D23} = {C615AF50-9508-CCCA-D802-0AD0EC69AD4D}
	EndGlobalSection
	GlobalSection(ExtensibilityGlobals) = postSolution
		SolutionGuid = {2A96892E-80CA-4F9D-B920-A1D82FE3C0A2}
	EndGlobalSection
EndGlobal
